// !$*UTF8*$!
{
	archiveVersion = 1;
	classes = {
	};
	objectVersion = 77;
	objects = {

/* Begin PBXContainerItemProxy section */
		563BEF582CC54BB30034A2BB /* PBXContainerItemProxy */ = {
			isa = PBXContainerItemProxy;
			containerPortal = 563BEF3F2CC54BB20034A2BB /* Project object */;
			proxyType = 1;
			remoteGlobalIDString = 563BEF462CC54BB20034A2BB;
			remoteInfo = SarahNew;
		};
		563BEF622CC54BB30034A2BB /* PBXContainerItemProxy */ = {
			isa = PBXContainerItemProxy;
			containerPortal = 563BEF3F2CC54BB20034A2BB /* Project object */;
			proxyType = 1;
			remoteGlobalIDString = 563BEF462CC54BB20034A2BB;
			remoteInfo = SarahNew;
		};
/* End PBXContainerItemProxy section */

/* Begin PBXFileReference section */
		563BEF472CC54BB20034A2BB /* SarahNew.app */ = {isa = PBXFileReference; explicitFileType = wrapper.application; includeInIndex = 0; path = SarahNew.app; sourceTree = BUILT_PRODUCTS_DIR; };
		563BEF572CC54BB30034A2BB /* SarahNewTests.xctest */ = {isa = PBXFileReference; explicitFileType = wrapper.cfbundle; includeInIndex = 0; path = SarahNewTests.xctest; sourceTree = BUILT_PRODUCTS_DIR; };
		563BEF612CC54BB30034A2BB /* SarahNewUITests.xctest */ = {isa = PBXFileReference; explicitFileType = wrapper.cfbundle; includeInIndex = 0; path = SarahNewUITests.xctest; sourceTree = BUILT_PRODUCTS_DIR; };
/* End PBXFileReference section */

/* Begin PBXFileSystemSynchronizedBuildFileExceptionSet section */
		5605BB382CC9C5D50029071E /* Exceptions for "SarahNew" folder in "SarahNew" target */ = {
			isa = PBXFileSystemSynchronizedBuildFileExceptionSet;
			membershipExceptions = (
				.swift,
			);
			target = 563BEF462CC54BB20034A2BB /* SarahNew */;
		};
/* End PBXFileSystemSynchronizedBuildFileExceptionSet section */

/* Begin PBXFileSystemSynchronizedGroupBuildPhaseMembershipExceptionSet section */
		5605BB392CC9C5D50029071E /* Exceptions for "SarahNew" folder in "Compile Sources" phase from "SarahNew" target */ = {
			isa = PBXFileSystemSynchronizedGroupBuildPhaseMembershipExceptionSet;
			buildPhase = 563BEF432CC54BB20034A2BB /* Sources */;
			membershipExceptions = (
				.swift,
			);
		};
/* End PBXFileSystemSynchronizedGroupBuildPhaseMembershipExceptionSet section */

/* Begin PBXFileSystemSynchronizedRootGroup section */
		563BEF492CC54BB20034A2BB /* SarahNew */ = {
			isa = PBXFileSystemSynchronizedRootGroup;
			exceptions = (
				5605BB382CC9C5D50029071E /* Exceptions for "SarahNew" folder in "SarahNew" target */,
				5605BB392CC9C5D50029071E /* Exceptions for "SarahNew" folder in "Compile Sources" phase from "SarahNew" target */,
			);
			path = SarahNew;
			sourceTree = "<group>";
		};
		563BEF5A2CC54BB30034A2BB /* SarahNewTests */ = {
			isa = PBXFileSystemSynchronizedRootGroup;
			path = SarahNewTests;
			sourceTree = "<group>";
		};
		563BEF642CC54BB30034A2BB /* SarahNewUITests */ = {
			isa = PBXFileSystemSynchronizedRootGroup;
			path = SarahNewUITests;
			sourceTree = "<group>";
		};
/* End PBXFileSystemSynchronizedRootGroup section */

/* Begin PBXFrameworksBuildPhase section */
		563BEF442CC54BB20034A2BB /* Frameworks */ = {
			isa = PBXFrameworksBuildPhase;
			buildActionMask = 2147483647;
			files = (
			);
			runOnlyForDeploymentPostprocessing = 0;
		};
		563BEF542CC54BB30034A2BB /* Frameworks */ = {
			isa = PBXFrameworksBuildPhase;
			buildActionMask = 2147483647;
			files = (
			);
			runOnlyForDeploymentPostprocessing = 0;
		};
		563BEF5E2CC54BB30034A2BB /* Frameworks */ = {
			isa = PBXFrameworksBuildPhase;
			buildActionMask = 2147483647;
			files = (
			);
			runOnlyForDeploymentPostprocessing = 0;
		};
/* End PBXFrameworksBuildPhase section */

/* Begin PBXGroup section */
		563BEF3E2CC54BB20034A2BB = {
			isa = PBXGroup;
			children = (
				563BEF492CC54BB20034A2BB /* SarahNew */,
				563BEF5A2CC54BB30034A2BB /* SarahNewTests */,
				563BEF642CC54BB30034A2BB /* SarahNewUITests */,
				563BEF482CC54BB20034A2BB /* Products */,
			);
			sourceTree = "<group>";
		};
		563BEF482CC54BB20034A2BB /* Products */ = {
			isa = PBXGroup;
			children = (
				563BEF472CC54BB20034A2BB /* SarahNew.app */,
				563BEF572CC54BB30034A2BB /* SarahNewTests.xctest */,
				563BEF612CC54BB30034A2BB /* SarahNewUITests.xctest */,
			);
			name = Products;
			sourceTree = "<group>";
		};
/* End PBXGroup section */

/* Begin PBXNativeTarget section */
		563BEF462CC54BB20034A2BB /* SarahNew */ = {
			isa = PBXNativeTarget;
			buildConfigurationList = 563BEF6B2CC54BB30034A2BB /* Build configuration list for PBXNativeTarget "SarahNew" */;
			buildPhases = (
				563BEF432CC54BB20034A2BB /* Sources */,
				563BEF442CC54BB20034A2BB /* Frameworks */,
				563BEF452CC54BB20034A2BB /* Resources */,
			);
			buildRules = (
			);
			dependencies = (
			);
			fileSystemSynchronizedGroups = (
				563BEF492CC54BB20034A2BB /* SarahNew */,
			);
			name = SarahNew;
			packageProductDependencies = (
			);
			productName = SarahNew;
			productReference = 563BEF472CC54BB20034A2BB /* SarahNew.app */;
			productType = "com.apple.product-type.application";
		};
		563BEF562CC54BB30034A2BB /* SarahNewTests */ = {
			isa = PBXNativeTarget;
			buildConfigurationList = 563BEF6E2CC54BB30034A2BB /* Build configuration list for PBXNativeTarget "SarahNewTests" */;
			buildPhases = (
				563BEF532CC54BB30034A2BB /* Sources */,
				563BEF542CC54BB30034A2BB /* Frameworks */,
				563BEF552CC54BB30034A2BB /* Resources */,
			);
			buildRules = (
			);
			dependencies = (
				563BEF592CC54BB30034A2BB /* PBXTargetDependency */,
			);
			fileSystemSynchronizedGroups = (
				563BEF5A2CC54BB30034A2BB /* SarahNewTests */,
			);
			name = SarahNewTests;
			packageProductDependencies = (
			);
			productName = SarahNewTests;
			productReference = 563BEF572CC54BB30034A2BB /* SarahNewTests.xctest */;
			productType = "com.apple.product-type.bundle.unit-test";
		};
		563BEF602CC54BB30034A2BB /* SarahNewUITests */ = {
			isa = PBXNativeTarget;
			buildConfigurationList = 563BEF712CC54BB30034A2BB /* Build configuration list for PBXNativeTarget "SarahNewUITests" */;
			buildPhases = (
				563BEF5D2CC54BB30034A2BB /* Sources */,
				563BEF5E2CC54BB30034A2BB /* Frameworks */,
				563BEF5F2CC54BB30034A2BB /* Resources */,
			);
			buildRules = (
			);
			dependencies = (
				563BEF632CC54BB30034A2BB /* PBXTargetDependency */,
			);
			fileSystemSynchronizedGroups = (
				563BEF642CC54BB30034A2BB /* SarahNewUITests */,
			);
			name = SarahNewUITests;
			packageProductDependencies = (
			);
			productName = SarahNewUITests;
			productReference = 563BEF612CC54BB30034A2BB /* SarahNewUITests.xctest */;
			productType = "com.apple.product-type.bundle.ui-testing";
		};
/* End PBXNativeTarget section */

/* Begin PBXProject section */
		563BEF3F2CC54BB20034A2BB /* Project object */ = {
			isa = PBXProject;
			attributes = {
				BuildIndependentTargetsInParallel = 1;
				LastSwiftUpdateCheck = 1600;
				LastUpgradeCheck = 1600;
				TargetAttributes = {
					563BEF462CC54BB20034A2BB = {
						CreatedOnToolsVersion = 16.0;
					};
					563BEF562CC54BB30034A2BB = {
						CreatedOnToolsVersion = 16.0;
						TestTargetID = 563BEF462CC54BB20034A2BB;
					};
					563BEF602CC54BB30034A2BB = {
						CreatedOnToolsVersion = 16.0;
						TestTargetID = 563BEF462CC54BB20034A2BB;
					};
				};
			};
			buildConfigurationList = 563BEF422CC54BB20034A2BB /* Build configuration list for PBXProject "SarahNew" */;
			developmentRegion = en;
			hasScannedForEncodings = 0;
			knownRegions = (
				en,
				Base,
			);
			mainGroup = 563BEF3E2CC54BB20034A2BB;
			minimizedProjectReferenceProxies = 1;
			preferredProjectObjectVersion = 77;
			productRefGroup = 563BEF482CC54BB20034A2BB /* Products */;
			projectDirPath = "";
			projectRoot = "";
			targets = (
				563BEF462CC54BB20034A2BB /* SarahNew */,
				563BEF562CC54BB30034A2BB /* SarahNewTests */,
				563BEF602CC54BB30034A2BB /* SarahNewUITests */,
			);
		};
/* End PBXProject section */

/* Begin PBXResourcesBuildPhase section */
		563BEF452CC54BB20034A2BB /* Resources */ = {
			isa = PBXResourcesBuildPhase;
			buildActionMask = 2147483647;
			files = (
			);
			runOnlyForDeploymentPostprocessing = 0;
		};
		563BEF552CC54BB30034A2BB /* Resources */ = {
			isa = PBXResourcesBuildPhase;
			buildActionMask = 2147483647;
			files = (
			);
			runOnlyForDeploymentPostprocessing = 0;
		};
		563BEF5F2CC54BB30034A2BB /* Resources */ = {
			isa = PBXResourcesBuildPhase;
			buildActionMask = 2147483647;
			files = (
			);
			runOnlyForDeploymentPostprocessing = 0;
		};
/* End PBXResourcesBuildPhase section */

/* Begin PBXSourcesBuildPhase section */
		563BEF432CC54BB20034A2BB /* Sources */ = {
			isa = PBXSourcesBuildPhase;
			buildActionMask = 2147483647;
			files = (
			);
			runOnlyForDeploymentPostprocessing = 0;
		};
		563BEF532CC54BB30034A2BB /* Sources */ = {
			isa = PBXSourcesBuildPhase;
			buildActionMask = 2147483647;
			files = (
			);
			runOnlyForDeploymentPostprocessing = 0;
		};
		563BEF5D2CC54BB30034A2BB /* Sources */ = {
			isa = PBXSourcesBuildPhase;
			buildActionMask = 2147483647;
			files = (
			);
			runOnlyForDeploymentPostprocessing = 0;
		};
/* End PBXSourcesBuildPhase section */

/* Begin PBXTargetDependency section */
		563BEF592CC54BB30034A2BB /* PBXTargetDependency */ = {
			isa = PBXTargetDependency;
			target = 563BEF462CC54BB20034A2BB /* SarahNew */;
			targetProxy = 563BEF582CC54BB30034A2BB /* PBXContainerItemProxy */;
		};
		563BEF632CC54BB30034A2BB /* PBXTargetDependency */ = {
			isa = PBXTargetDependency;
			target = 563BEF462CC54BB20034A2BB /* SarahNew */;
			targetProxy = 563BEF622CC54BB30034A2BB /* PBXContainerItemProxy */;
		};
/* End PBXTargetDependency section */

/* Begin XCBuildConfiguration section */
		563BEF692CC54BB30034A2BB /* Debug */ = {
			isa = XCBuildConfiguration;
			buildSettings = {
				ALWAYS_SEARCH_USER_PATHS = NO;
				ASSETCATALOG_COMPILER_GENERATE_SWIFT_ASSET_SYMBOL_EXTENSIONS = YES;
				CLANG_ANALYZER_NONNULL = YES;
				CLANG_ANALYZER_NUMBER_OBJECT_CONVERSION = YES_AGGRESSIVE;
				CLANG_CXX_LANGUAGE_STANDARD = "gnu++20";
				CLANG_ENABLE_MODULES = YES;
				CLANG_ENABLE_OBJC_ARC = YES;
				CLANG_ENABLE_OBJC_WEAK = YES;
				CLANG_WARN_BLOCK_CAPTURE_AUTORELEASING = YES;
				CLANG_WARN_BOOL_CONVERSION = YES;
				CLANG_WARN_COMMA = YES;
				CLANG_WARN_CONSTANT_CONVERSION = YES;
				CLANG_WARN_DEPRECATED_OBJC_IMPLEMENTATIONS = YES;
				CLANG_WARN_DIRECT_OBJC_ISA_USAGE = YES_ERROR;
				CLANG_WARN_DOCUMENTATION_COMMENTS = YES;
				CLANG_WARN_EMPTY_BODY = YES;
				CLANG_WARN_ENUM_CONVERSION = YES;
				CLANG_WARN_INFINITE_RECURSION = YES;
				CLANG_WARN_INT_CONVERSION = YES;
				CLANG_WARN_NON_LITERAL_NULL_CONVERSION = YES;
				CLANG_WARN_OBJC_IMPLICIT_RETAIN_SELF = YES;
				CLANG_WARN_OBJC_LITERAL_CONVERSION = YES;
				CLANG_WARN_OBJC_ROOT_CLASS = YES_ERROR;
				CLANG_WARN_QUOTED_INCLUDE_IN_FRAMEWORK_HEADER = YES;
				CLANG_WARN_RANGE_LOOP_ANALYSIS = YES;
				CLANG_WARN_STRICT_PROTOTYPES = YES;
				CLANG_WARN_SUSPICIOUS_MOVE = YES;
				CLANG_WARN_UNGUARDED_AVAILABILITY = YES_AGGRESSIVE;
				CLANG_WARN_UNREACHABLE_CODE = YES;
				CLANG_WARN__DUPLICATE_METHOD_MATCH = YES;
				COPY_PHASE_STRIP = NO;
				DEBUG_INFORMATION_FORMAT = dwarf;
				ENABLE_STRICT_OBJC_MSGSEND = YES;
				ENABLE_TESTABILITY = YES;
				ENABLE_USER_SCRIPT_SANDBOXING = YES;
				GCC_C_LANGUAGE_STANDARD = gnu17;
				GCC_DYNAMIC_NO_PIC = NO;
				GCC_NO_COMMON_BLOCKS = YES;
				GCC_OPTIMIZATION_LEVEL = 0;
				GCC_PREPROCESSOR_DEFINITIONS = (
					"DEBUG=1",
					"$(inherited)",
				);
				GCC_WARN_64_TO_32_BIT_CONVERSION = YES;
				GCC_WARN_ABOUT_RETURN_TYPE = YES_ERROR;
				GCC_WARN_UNDECLARED_SELECTOR = YES;
				GCC_WARN_UNINITIALIZED_AUTOS = YES_AGGRESSIVE;
				GCC_WARN_UNUSED_FUNCTION = YES;
				GCC_WARN_UNUSED_VARIABLE = YES;
				IPHONEOS_DEPLOYMENT_TARGET = 18.0;
				LOCALIZATION_PREFERS_STRING_CATALOGS = YES;
				MTL_ENABLE_DEBUG_INFO = INCLUDE_SOURCE;
				MTL_FAST_MATH = YES;
				ONLY_ACTIVE_ARCH = YES;
				SDKROOT = iphoneos;
				SWIFT_ACTIVE_COMPILATION_CONDITIONS = "DEBUG $(inherited)";
				SWIFT_OPTIMIZATION_LEVEL = "-Onone";
			};
			name = Debug;
		};
		563BEF6A2CC54BB30034A2BB /* Release */ = {
			isa = XCBuildConfiguration;
			buildSettings = {
				ALWAYS_SEARCH_USER_PATHS = NO;
				ASSETCATALOG_COMPILER_GENERATE_SWIFT_ASSET_SYMBOL_EXTENSIONS = YES;
				CLANG_ANALYZER_NONNULL = YES;
				CLANG_ANALYZER_NUMBER_OBJECT_CONVERSION = YES_AGGRESSIVE;
				CLANG_CXX_LANGUAGE_STANDARD = "gnu++20";
				CLANG_ENABLE_MODULES = YES;
				CLANG_ENABLE_OBJC_ARC = YES;
				CLANG_ENABLE_OBJC_WEAK = YES;
				CLANG_WARN_BLOCK_CAPTURE_AUTORELEASING = YES;
				CLANG_WARN_BOOL_CONVERSION = YES;
				CLANG_WARN_COMMA = YES;
				CLANG_WARN_CONSTANT_CONVERSION = YES;
				CLANG_WARN_DEPRECATED_OBJC_IMPLEMENTATIONS = YES;
				CLANG_WARN_DIRECT_OBJC_ISA_USAGE = YES_ERROR;
				CLANG_WARN_DOCUMENTATION_COMMENTS = YES;
				CLANG_WARN_EMPTY_BODY = YES;
				CLANG_WARN_ENUM_CONVERSION = YES;
				CLANG_WARN_INFINITE_RECURSION = YES;
				CLANG_WARN_INT_CONVERSION = YES;
				CLANG_WARN_NON_LITERAL_NULL_CONVERSION = YES;
				CLANG_WARN_OBJC_IMPLICIT_RETAIN_SELF = YES;
				CLANG_WARN_OBJC_LITERAL_CONVERSION = YES;
				CLANG_WARN_OBJC_ROOT_CLASS = YES_ERROR;
				CLANG_WARN_QUOTED_INCLUDE_IN_FRAMEWORK_HEADER = YES;
				CLANG_WARN_RANGE_LOOP_ANALYSIS = YES;
				CLANG_WARN_STRICT_PROTOTYPES = YES;
				CLANG_WARN_SUSPICIOUS_MOVE = YES;
				CLANG_WARN_UNGUARDED_AVAILABILITY = YES_AGGRESSIVE;
				CLANG_WARN_UNREACHABLE_CODE = YES;
				CLANG_WARN__DUPLICATE_METHOD_MATCH = YES;
				COPY_PHASE_STRIP = NO;
				DEBUG_INFORMATION_FORMAT = "dwarf-with-dsym";
				ENABLE_NS_ASSERTIONS = NO;
				ENABLE_STRICT_OBJC_MSGSEND = YES;
				ENABLE_USER_SCRIPT_SANDBOXING = YES;
				GCC_C_LANGUAGE_STANDARD = gnu17;
				GCC_NO_COMMON_BLOCKS = YES;
				GCC_WARN_64_TO_32_BIT_CONVERSION = YES;
				GCC_WARN_ABOUT_RETURN_TYPE = YES_ERROR;
				GCC_WARN_UNDECLARED_SELECTOR = YES;
				GCC_WARN_UNINITIALIZED_AUTOS = YES_AGGRESSIVE;
				GCC_WARN_UNUSED_FUNCTION = YES;
				GCC_WARN_UNUSED_VARIABLE = YES;
				IPHONEOS_DEPLOYMENT_TARGET = 18.0;
				LOCALIZATION_PREFERS_STRING_CATALOGS = YES;
				MTL_ENABLE_DEBUG_INFO = NO;
				MTL_FAST_MATH = YES;
				SDKROOT = iphoneos;
				SWIFT_COMPILATION_MODE = wholemodule;
				VALIDATE_PRODUCT = YES;
			};
			name = Release;
		};
		563BEF6C2CC54BB30034A2BB /* Debug */ = {
			isa = XCBuildConfiguration;
			buildSettings = {
				ASSETCATALOG_COMPILER_APPICON_NAME = AppIcon;
				ASSETCATALOG_COMPILER_GLOBAL_ACCENT_COLOR_NAME = AccentColor;
				CODE_SIGN_STYLE = Automatic;
				CURRENT_PROJECT_VERSION = 1;
				DEVELOPMENT_ASSET_PATHS = "\"SarahNew/Preview Content\"";
				ENABLE_PREVIEWS = YES;
				GENERATE_INFOPLIST_FILE = YES;
				INFOPLIST_KEY_UIApplicationSceneManifest_Generation = YES;
				INFOPLIST_KEY_UIApplicationSupportsIndirectInputEvents = YES;
				INFOPLIST_KEY_UILaunchScreen_Generation = YES;
				INFOPLIST_KEY_UISupportedInterfaceOrientations_iPad = "UIInterfaceOrientationPortrait UIInterfaceOrientationPortraitUpsideDown UIInterfaceOrientationLandscapeLeft UIInterfaceOrientationLandscapeRight";
				INFOPLIST_KEY_UISupportedInterfaceOrientations_iPhone = "UIInterfaceOrientationPortrait UIInterfaceOrientationLandscapeLeft UIInterfaceOrientationLandscapeRight";
				LD_RUNPATH_SEARCH_PATHS = (
					"$(inherited)",
					"@executable_path/Frameworks",
				);
				MARKETING_VERSION = 1.0;
				PRODUCT_BUNDLE_IDENTIFIER = S.SarahNew;
				PRODUCT_NAME = "$(TARGET_NAME)";
				SWIFT_EMIT_LOC_STRINGS = YES;
				SWIFT_VERSION = 5.0;
				TARGETED_DEVICE_FAMILY = "1,2";
			};
			name = Debug;
		};
		563BEF6D2CC54BB30034A2BB /* Release */ = {
			isa = XCBuildConfiguration;
			buildSettings = {
				ASSETCATALOG_COMPILER_APPICON_NAME = AppIcon;
				ASSETCATALOG_COMPILER_GLOBAL_ACCENT_COLOR_NAME = AccentColor;
				CODE_SIGN_STYLE = Automatic;
				CURRENT_PROJECT_VERSION = 1;
				DEVELOPMENT_ASSET_PATHS = "\"SarahNew/Preview Content\"";
				ENABLE_PREVIEWS = YES;
				GENERATE_INFOPLIST_FILE = YES;
				INFOPLIST_KEY_UIApplicationSceneManifest_Generation = YES;
				INFOPLIST_KEY_UIApplicationSupportsIndirectInputEvents = YES;
				INFOPLIST_KEY_UILaunchScreen_Generation = YES;
				INFOPLIST_KEY_UISupportedInterfaceOrientations_iPad = "UIInterfaceOrientationPortrait UIInterfaceOrientationPortraitUpsideDown UIInterfaceOrientationLandscapeLeft UIInterfaceOrientationLandscapeRight";
				INFOPLIST_KEY_UISupportedInterfaceOrientations_iPhone = "UIInterfaceOrientationPortrait UIInterfaceOrientationLandscapeLeft UIInterfaceOrientationLandscapeRight";
				LD_RUNPATH_SEARCH_PATHS = (
					"$(inherited)",
					"@executable_path/Frameworks",
				);
				MARKETING_VERSION = 1.0;
				PRODUCT_BUNDLE_IDENTIFIER = S.SarahNew;
				PRODUCT_NAME = "$(TARGET_NAME)";
				SWIFT_EMIT_LOC_STRINGS = YES;
				SWIFT_VERSION = 5.0;
				TARGETED_DEVICE_FAMILY = "1,2";
			};
			name = Release;
		};
		563BEF6F2CC54BB30034A2BB /* Debug */ = {
			isa = XCBuildConfiguration;
			buildSettings = {
				BUNDLE_LOADER = "$(TEST_HOST)";
				CODE_SIGN_STYLE = Automatic;
				CURRENT_PROJECT_VERSION = 1;
				GENERATE_INFOPLIST_FILE = YES;
				IPHONEOS_DEPLOYMENT_TARGET = 18.0;
				MARKETING_VERSION = 1.0;
				PRODUCT_BUNDLE_IDENTIFIER = S.SarahNewTests;
				PRODUCT_NAME = "$(TARGET_NAME)";
				SWIFT_EMIT_LOC_STRINGS = NO;
				SWIFT_VERSION = 5.0;
				TARGETED_DEVICE_FAMILY = "1,2";
				TEST_HOST = "$(BUILT_PRODUCTS_DIR)/SarahNew.app/$(BUNDLE_EXECUTABLE_FOLDER_PATH)/SarahNew";
			};
			name = Debug;
		};
		563BEF702CC54BB30034A2BB /* Release */ = {
			isa = XCBuildConfiguration;
			buildSettings = {
				BUNDLE_LOADER = "$(TEST_HOST)";
				CODE_SIGN_STYLE = Automatic;
				CURRENT_PROJECT_VERSION = 1;
				GENERATE_INFOPLIST_FILE = YES;
				IPHONEOS_DEPLOYMENT_TARGET = 18.0;
				MARKETING_VERSION = 1.0;
				PRODUCT_BUNDLE_IDENTIFIER = S.SarahNewTests;
				PRODUCT_NAME = "$(TARGET_NAME)";
				SWIFT_EMIT_LOC_STRINGS = NO;
				SWIFT_VERSION = 5.0;
				TARGETED_DEVICE_FAMILY = "1,2";
				TEST_HOST = "$(BUILT_PRODUCTS_DIR)/SarahNew.app/$(BUNDLE_EXECUTABLE_FOLDER_PATH)/SarahNew";
			};
			name = Release;
		};
		563BEF722CC54BB30034A2BB /* Debug */ = {
			isa = XCBuildConfiguration;
			buildSettings = {
				CODE_SIGN_STYLE = Automatic;
				CURRENT_PROJECT_VERSION = 1;
				GENERATE_INFOPLIST_FILE = YES;
				MARKETING_VERSION = 1.0;
				PRODUCT_BUNDLE_IDENTIFIER = S.SarahNewUITests;
				PRODUCT_NAME = "$(TARGET_NAME)";
				SWIFT_EMIT_LOC_STRINGS = NO;
				SWIFT_VERSION = 5.0;
				TARGETED_DEVICE_FAMILY = "1,2";
				TEST_TARGET_NAME = SarahNew;
			};
			name = Debug;
		};
		563BEF732CC54BB30034A2BB /* Release */ = {
			isa = XCBuildConfiguration;
			buildSettings = {
				CODE_SIGN_STYLE = Automatic;
				CURRENT_PROJECT_VERSION = 1;
				GENERATE_INFOPLIST_FILE = YES;
				MARKETING_VERSION = 1.0;
				PRODUCT_BUNDLE_IDENTIFIER = S.SarahNewUITests;
				PRODUCT_NAME = "$(TARGET_NAME)";
				SWIFT_EMIT_LOC_STRINGS = NO;
				SWIFT_VERSION = 5.0;
				TARGETED_DEVICE_FAMILY = "1,2";
				TEST_TARGET_NAME = SarahNew;
			};
			name = Release;
		};
/* End XCBuildConfiguration section */

/* Begin XCConfigurationList section */
		563BEF422CC54BB20034A2BB /* Build configuration list for PBXProject "SarahNew" */ = {
			isa = XCConfigurationList;
			buildConfigurations = (
				563BEF692CC54BB30034A2BB /* Debug */,
				563BEF6A2CC54BB30034A2BB /* Release */,
			);
			defaultConfigurationIsVisible = 0;
			defaultConfigurationName = Release;
		};
		563BEF6B2CC54BB30034A2BB /* Build configuration list for PBXNativeTarget "SarahNew" */ = {
			isa = XCConfigurationList;
			buildConfigurations = (
				563BEF6C2CC54BB30034A2BB /* Debug */,
				563BEF6D2CC54BB30034A2BB /* Release */,
			);
			defaultConfigurationIsVisible = 0;
			defaultConfigurationName = Release;
		};
		563BEF6E2CC54BB30034A2BB /* Build configuration list for PBXNativeTarget "SarahNewTests" */ = {
			isa = XCConfigurationList;
			buildConfigurations = (
				563BEF6F2CC54BB30034A2BB /* Debug */,
				563BEF702CC54BB30034A2BB /* Release */,
			);
			defaultConfigurationIsVisible = 0;
			defaultConfigurationName = Release;
		};
		563BEF712CC54BB30034A2BB /* Build configuration list for PBXNativeTarget "SarahNewUITests" */ = {
			isa = XCConfigurationList;
			buildConfigurations = (
				563BEF722CC54BB30034A2BB /* Debug */,
				563BEF732CC54BB30034A2BB /* Release */,
			);
			defaultConfigurationIsVisible = 0;
			defaultConfigurationName = Release;
		};
/* End XCConfigurationList section */
	};
	rootObject = 563BEF3F2CC54BB20034A2BB /* Project object */;
}
